
Microsoft Visual Studio Solution File, Format Version 12.00
# Visual Studio Version 16
VisualStudioVersion = 16.0.30711.63
MinimumVisualStudioVersion = 10.0.40219.1
Project("{FAE04EC0-301F-11D3-BF4B-00C04F79EFBC}") = "BTicketSystem.Android", "BTicketSystem\BTicketSystem.Android\BTicketSystem.Android.csproj", "{A59ACE8B-327C-4123-8792-597C161AF309}"
EndProject
Project("{FAE04EC0-301F-11D3-BF4B-00C04F79EFBC}") = "BTicketSystem", "BTicketSystem\BTicketSystem\BTicketSystem.csproj", "{B45E8698-E37A-4AE8-91CB-475618F2FC0B}"
EndProject
Global
	GlobalSection(SolutionConfigurationPlatforms) = preSolution
		Debug|Any CPU = Debug|Any CPU
		Release|Any CPU = Release|Any CPU
	EndGlobalSection
	GlobalSection(ProjectConfigurationPlatforms) = postSolution
		{A59ACE8B-327C-4123-8792-597C161AF309}.Debug|Any CPU.ActiveCfg = Debug|Any CPU
		{A59ACE8B-327C-4123-8792-597C161AF309}.Debug|Any CPU.Build.0 = Debug|Any CPU
		{A59ACE8B-327C-4123-8792-597C161AF309}.Debug|Any CPU.Deploy.0 = Debug|Any CPU
		{A59ACE8B-327C-4123-8792-597C161AF309}.Release|Any CPU.ActiveCfg = Release|Any CPU
		{A59ACE8B-327C-4123-8792-597C161AF309}.Release|Any CPU.Build.0 = Release|Any CPU
		{A59ACE8B-327C-4123-8792-597C161AF309}.Release|Any CPU.Deploy.0 = Release|Any CPU
		{B45E8698-E37A-4AE8-91CB-475618F2FC0B}.Debug|Any CPU.ActiveCfg = Debug|Any CPU
		{B45E8698-E37A-4AE8-91CB-475618F2FC0B}.Debug|Any CPU.Build.0 = Debug|Any CPU
		{B45E8698-E37A-4AE8-91CB-475618F2FC0B}.Release|Any CPU.ActiveCfg = Release|Any CPU
		{B45E8698-E37A-4AE8-91CB-475618F2FC0B}.Release|Any CPU.Build.0 = Release|Any CPU
	EndGlobalSection
	GlobalSection(SolutionProperties) = preSolution
		HideSolutionNode = FALSE
	EndGlobalSection
	GlobalSection(ExtensibilityGlobals) = postSolution
		SolutionGuid = {AF2329CB-4859-4655-B049-893FEBF8852E}
	EndGlobalSection
EndGlobal
